
Microsoft Visual Studio Solution File, Format Version 12.00
# Visual Studio 15
VisualStudioVersion = 15.0.28307.572
MinimumVisualStudioVersion = 10.0.40219.1
Project("{FAE04EC0-301F-11D3-BF4B-00C04F79EFBC}") = "GroceryStoreAPI", "GroceryStoreAPI\GroceryStoreAPI.csproj", "{471ACB33-0A48-406A-8735-F9E2ECBA8817}"
EndProject
Global
	GlobalSection(SolutionConfigurationPlatforms) = preSolution
		Debug|Any CPU = Debug|Any CPU
		Release|Any CPU = Release|Any CPU
	EndGlobalSection
	GlobalSection(ProjectConfigurationPlatforms) = postSolution
		{471ACB33-0A48-406A-8735-F9E2ECBA8817}.Debug|Any CPU.ActiveCfg = Debug|Any CPU
		{471ACB33-0A48-406A-8735-F9E2ECBA8817}.Debug|Any CPU.Build.0 = Debug|Any CPU
		{471ACB33-0A48-406A-8735-F9E2ECBA8817}.Release|Any CPU.ActiveCfg = Release|Any CPU
		{471ACB33-0A48-406A-8735-F9E2ECBA8817}.Release|Any CPU.Build.0 = Release|Any CPU
	EndGlobalSection
	GlobalSection(SolutionProperties) = preSolution
		HideSolutionNode = FALSE
	EndGlobalSection
	GlobalSection(ExtensibilityGlobals) = postSolution
		SolutionGuid = {72187AA2-D41B-4C08-BB1E-BFD763AA9C2F}
	EndGlobalSection
EndGlobal
